
Microsoft Visual Studio Solution File, Format Version 12.00
# Visual Studio Version 16
VisualStudioVersion = 16.0.29306.81
MinimumVisualStudioVersion = 10.0.40219.1
Project("{F184B08F-C81C-45F6-A57F-5ABD9991F28F}") = "Day6_1", "Day6_1\Day6_1.vbproj", "{B5EBF895-15E2-4D6E-8C45-D8F0A5A358D3}"
EndProject
Project("{F184B08F-C81C-45F6-A57F-5ABD9991F28F}") = "Day6_2", "..\Day6_2\Day6_2.vbproj", "{BD41363D-6C6C-4F3C-83F1-CD0256279C12}"
EndProject
Global
	GlobalSection(SolutionConfigurationPlatforms) = preSolution
		Debug|Any CPU = Debug|Any CPU
		Release|Any CPU = Release|Any CPU
	EndGlobalSection
	GlobalSection(ProjectConfigurationPlatforms) = postSolution
		{B5EBF895-15E2-4D6E-8C45-D8F0A5A358D3}.Debug|Any CPU.ActiveCfg = Debug|Any CPU
		{B5EBF895-15E2-4D6E-8C45-D8F0A5A358D3}.Debug|Any CPU.Build.0 = Debug|Any CPU
		{B5EBF895-15E2-4D6E-8C45-D8F0A5A358D3}.Release|Any CPU.ActiveCfg = Release|Any CPU
		{B5EBF895-15E2-4D6E-8C45-D8F0A5A358D3}.Release|Any CPU.Build.0 = Release|Any CPU
		{BD41363D-6C6C-4F3C-83F1-CD0256279C12}.Debug|Any CPU.ActiveCfg = Debug|Any CPU
		{BD41363D-6C6C-4F3C-83F1-CD0256279C12}.Debug|Any CPU.Build.0 = Debug|Any CPU
		{BD41363D-6C6C-4F3C-83F1-CD0256279C12}.Release|Any CPU.ActiveCfg = Release|Any CPU
		{BD41363D-6C6C-4F3C-83F1-CD0256279C12}.Release|Any CPU.Build.0 = Release|Any CPU
	EndGlobalSection
	GlobalSection(SolutionProperties) = preSolution
		HideSolutionNode = FALSE
	EndGlobalSection
	GlobalSection(ExtensibilityGlobals) = postSolution
		SolutionGuid = {16A922CB-B11D-4B2E-870F-3C65A8DEF450}
	EndGlobalSection
EndGlobal
