
Microsoft Visual Studio Solution File, Format Version 12.00
# Visual Studio Version 17
VisualStudioVersion = 17.0.31919.166
MinimumVisualStudioVersion = 10.0.40219.1
Project("{F184B08F-C81C-45F6-A57F-5ABD9991F28F}") = "Day5_1", "Day5_1\Day5_1.vbproj", "{07C89EDE-911F-4A8A-8DAA-98D4E5B14D8C}"
EndProject
Project("{F184B08F-C81C-45F6-A57F-5ABD9991F28F}") = "Day5_2", "..\Day5_2\Day5_2.vbproj", "{AD52D3CF-6F91-46E6-9875-75C71D0D9801}"
EndProject
Global
	GlobalSection(SolutionConfigurationPlatforms) = preSolution
		Debug|Any CPU = Debug|Any CPU
		Release|Any CPU = Release|Any CPU
	EndGlobalSection
	GlobalSection(ProjectConfigurationPlatforms) = postSolution
		{07C89EDE-911F-4A8A-8DAA-98D4E5B14D8C}.Debug|Any CPU.ActiveCfg = Debug|Any CPU
		{07C89EDE-911F-4A8A-8DAA-98D4E5B14D8C}.Debug|Any CPU.Build.0 = Debug|Any CPU
		{07C89EDE-911F-4A8A-8DAA-98D4E5B14D8C}.Release|Any CPU.ActiveCfg = Release|Any CPU
		{07C89EDE-911F-4A8A-8DAA-98D4E5B14D8C}.Release|Any CPU.Build.0 = Release|Any CPU
		{AD52D3CF-6F91-46E6-9875-75C71D0D9801}.Debug|Any CPU.ActiveCfg = Debug|Any CPU
		{AD52D3CF-6F91-46E6-9875-75C71D0D9801}.Debug|Any CPU.Build.0 = Debug|Any CPU
		{AD52D3CF-6F91-46E6-9875-75C71D0D9801}.Release|Any CPU.ActiveCfg = Release|Any CPU
		{AD52D3CF-6F91-46E6-9875-75C71D0D9801}.Release|Any CPU.Build.0 = Release|Any CPU
	EndGlobalSection
	GlobalSection(SolutionProperties) = preSolution
		HideSolutionNode = FALSE
	EndGlobalSection
	GlobalSection(ExtensibilityGlobals) = postSolution
		SolutionGuid = {A27F45DB-6154-4001-B7D3-D4A4D38A773D}
	EndGlobalSection
EndGlobal
